
Microsoft Visual Studio Solution File, Format Version 12.00
# Visual Studio Version 16
VisualStudioVersion = 16.0.30907.101
MinimumVisualStudioVersion = 15.0.26124.0
Project("{FAE04EC0-301F-11D3-BF4B-00C04F79EFBC}") = "Example.PaymentProcessorWorker", "Example.PaymentProcessorWorker\Example.PaymentProcessorWorker.csproj", "{3CE317C5-CA2D-482B-A600-EA57CFA996E2}"
EndProject
Project("{FAE04EC0-301F-11D3-BF4B-00C04F79EFBC}") = "Example.PaymentSaga", "Example.PaymentSaga\Example.PaymentSaga.csproj", "{EC20D946-D74B-4B57-8400-D9B7A22587BF}"
EndProject
Project("{FAE04EC0-301F-11D3-BF4B-00C04F79EFBC}") = "Example.WebApp", "Example.WebApp\Example.WebApp.csproj", "{4B8215C4-9D79-4B32-B0F9-8D4C0198A4FA}"
EndProject
Project("{FAE04EC0-301F-11D3-BF4B-00C04F79EFBC}") = "Example.PaymentSaga.Contracts", "Example.PaymentSaga.Contracts\Example.PaymentSaga.Contracts.csproj", "{C5ED3D31-EB37-4A7E-8034-B847B2F7CED5}"
EndProject
Project("{FAE04EC0-301F-11D3-BF4B-00C04F79EFBC}") = "Example.PaymentProcessor.Contracts", "Example.PaymentProcessor.Contracts\Example.PaymentProcessor.Contracts.csproj", "{4D53B16A-15AF-4876-8D7A-E113280934CC}"
EndProject
Global
	GlobalSection(SolutionConfigurationPlatforms) = preSolution
		Debug|Any CPU = Debug|Any CPU
		Release|Any CPU = Release|Any CPU
	EndGlobalSection
	GlobalSection(ProjectConfigurationPlatforms) = postSolution
		{3CE317C5-CA2D-482B-A600-EA57CFA996E2}.Debug|Any CPU.ActiveCfg = Debug|Any CPU
		{3CE317C5-CA2D-482B-A600-EA57CFA996E2}.Debug|Any CPU.Build.0 = Debug|Any CPU
		{3CE317C5-CA2D-482B-A600-EA57CFA996E2}.Release|Any CPU.ActiveCfg = Release|Any CPU
		{3CE317C5-CA2D-482B-A600-EA57CFA996E2}.Release|Any CPU.Build.0 = Release|Any CPU
		{EC20D946-D74B-4B57-8400-D9B7A22587BF}.Debug|Any CPU.ActiveCfg = Debug|Any CPU
		{EC20D946-D74B-4B57-8400-D9B7A22587BF}.Debug|Any CPU.Build.0 = Debug|Any CPU
		{EC20D946-D74B-4B57-8400-D9B7A22587BF}.Release|Any CPU.ActiveCfg = Release|Any CPU
		{EC20D946-D74B-4B57-8400-D9B7A22587BF}.Release|Any CPU.Build.0 = Release|Any CPU
		{4B8215C4-9D79-4B32-B0F9-8D4C0198A4FA}.Debug|Any CPU.ActiveCfg = Debug|Any CPU
		{4B8215C4-9D79-4B32-B0F9-8D4C0198A4FA}.Debug|Any CPU.Build.0 = Debug|Any CPU
		{4B8215C4-9D79-4B32-B0F9-8D4C0198A4FA}.Release|Any CPU.ActiveCfg = Release|Any CPU
		{4B8215C4-9D79-4B32-B0F9-8D4C0198A4FA}.Release|Any CPU.Build.0 = Release|Any CPU
		{C5ED3D31-EB37-4A7E-8034-B847B2F7CED5}.Debug|Any CPU.ActiveCfg = Debug|Any CPU
		{C5ED3D31-EB37-4A7E-8034-B847B2F7CED5}.Debug|Any CPU.Build.0 = Debug|Any CPU
		{C5ED3D31-EB37-4A7E-8034-B847B2F7CED5}.Release|Any CPU.ActiveCfg = Release|Any CPU
		{C5ED3D31-EB37-4A7E-8034-B847B2F7CED5}.Release|Any CPU.Build.0 = Release|Any CPU
		{4D53B16A-15AF-4876-8D7A-E113280934CC}.Debug|Any CPU.ActiveCfg = Debug|Any CPU
		{4D53B16A-15AF-4876-8D7A-E113280934CC}.Debug|Any CPU.Build.0 = Debug|Any CPU
		{4D53B16A-15AF-4876-8D7A-E113280934CC}.Release|Any CPU.ActiveCfg = Release|Any CPU
		{4D53B16A-15AF-4876-8D7A-E113280934CC}.Release|Any CPU.Build.0 = Release|Any CPU
	EndGlobalSection
	GlobalSection(SolutionProperties) = preSolution
		HideSolutionNode = FALSE
	EndGlobalSection
	GlobalSection(ExtensibilityGlobals) = postSolution
		SolutionGuid = {CF0A8B10-0D80-441F-9D26-3EA2100E5D22}
	EndGlobalSection
EndGlobal
